{
  "name": "Github-INGenious",
  "lockfileVersion": 3,
  "requires": true,
  "packages": {
    "": {
      "dependencies": {
        "@playwright/cli": "^0.1.7"
      }
    },
    "node_modules/@playwright/cli": {
      "version": "0.1.9",
      "resolved": "https://registry.npmjs.org/@playwright/cli/-/cli-0.1.9.tgz",
      "integrity": "sha512-WLpY7rb214LZpjrjFJ5iM+SeuwGdlgBupIlhlYgDOxVuMH/o9hG+4CkQMWEeBuQIxtuVWScQW3Lez7ck/oOq/A==",
      "license": "Apache-2.0",
      "dependencies": {
        "playwright": "1.60.0-alpha-1777077614000"
      },
      "bin": {
        "playwright-cli": "playwright-cli.js"
      },
      "engines": {
        "node": ">=18"
      }
    },
    "node_modules/fsevents": {
      "version": "2.3.2",
      "resolved": "https://registry.npmjs.org/fsevents/-/fsevents-2.3.2.tgz",
      "integrity": "sha512-xiqMQR4xAeHTuB9uWm+fFRcIOgKBMiOBP+eXiyT7jsgVCq1bkVygt00oASowB7EdtpOHaaPgKt812P9ab+DDKA==",
      "hasInstallScript": true,
      "license": "MIT",
      "optional": true,
      "os": [
        "darwin"
      ],
      "engines": {
        "node": "^8.16.0 || ^10.6.0 || >=11.0.0"
      }
    },
    "node_modules/playwright": {
      "version": "1.60.0-alpha-1777077614000",
      "resolved": "https://registry.npmjs.org/playwright/-/playwright-1.60.0-alpha-1777077614000.tgz",
      "integrity": "sha512-Uykk/hbDlIaw4aZZZHMni6I0Y9eBtC7+UzH3QwTh9pJEEuYVq14y7F3bcHNCNCI0sLkY0oEiWK+2VeOtB6vUDQ==",
      "license": "Apache-2.0",
      "dependencies": {
        "playwright-core": "1.60.0-alpha-1777077614000"
      },
      "bin": {
        "playwright": "cli.js"
      },
      "engines": {
        "node": ">=18"
      },
      "optionalDependencies": {
        "fsevents": "2.3.2"
      }
    },
    "node_modules/playwright-core": {
      "version": "1.60.0-alpha-1777077614000",
      "resolved": "https://registry.npmjs.org/playwright-core/-/playwright-core-1.60.0-alpha-1777077614000.tgz",
      "integrity": "sha512-cAEm1N5jh0WMr9/EG4nPDbR326paHfMFa2FyHibhIfDGTswbKv8sYvaa9S0UXkgITdv4h6lQfcsD9Dl73lFZsg==",
      "license": "Apache-2.0",
      "bin": {
        "playwright-core": "cli.js"
      },
      "engines": {
        "node": ">=18"
      }
    }
  }
}
